// !$*UTF8*$!
{
	archiveVersion = 1;
	classes = {
	};
	objectVersion = 46;
	objects = {

/* Begin PBXBuildFile section */
		5360D22C1D2B763500E44E89 /* main.m in Sources */ = {isa = PBXBuildFile; fileRef = 5360D22B1D2B763500E44E89 /* main.m */; };
		5360D22F1D2B763500E44E89 /* AppDelegate.m in Sources */ = {isa = PBXBuildFile; fileRef = 5360D22E1D2B763500E44E89 /* AppDelegate.m */; };
		5360D2321D2B763500E44E89 /* ViewController.m in Sources */ = {isa = PBXBuildFile; fileRef = 5360D2311D2B763500E44E89 /* ViewController.m */; };
		5360D2351D2B763500E44E89 /* Main.storyboard in Resources */ = {isa = PBXBuildFile; fileRef = 5360D2331D2B763500E44E89 /* Main.storyboard */; };
		5360D2371D2B763500E44E89 /* Assets.xcassets in Resources */ = {isa = PBXBuildFile; fileRef = 5360D2361D2B763500E44E89 /* Assets.xcassets */; };
		5360D23A1D2B763500E44E89 /* LaunchScreen.storyboard in Resources */ = {isa = PBXBuildFile; fileRef = 5360D2381D2B763500E44E89 /* LaunchScreen.storyboard */; };
		5360D2481D2B765100E44E89 /* UIImage+XLExtension.m in Sources */ = {isa = PBXBuildFile; fileRef = 5360D2431D2B765100E44E89 /* UIImage+XLExtension.m */; };
		5360D2491D2B765100E44E89 /* UIView+XLExtension.m in Sources */ = {isa = PBXBuildFile; fileRef = 5360D2451D2B765100E44E89 /* UIView+XLExtension.m */; };
		5360D24A1D2B765100E44E89 /* XLPasswordInputView.m in Sources */ = {isa = PBXBuildFile; fileRef = 5360D2471D2B765100E44E89 /* XLPasswordInputView.m */; };
		7F20185D09B2C21C949751FB /* libPods-XLPasswordInputViewDemo.a in Frameworks */ = {isa = PBXBuildFile; fileRef = 811B95CE91DDAD1918ACAB2F /* libPods-XLPasswordInputViewDemo.a */; };
/* End PBXBuildFile section */

/* Begin PBXFileReference section */
		26B232D5EAB3CF06392BDCCB /* Pods-XLPasswordInputViewDemo.debug.xcconfig */ = {isa = PBXFileReference; includeInIndex = 1; lastKnownFileType = text.xcconfig; name = "Pods-XLPasswordInputViewDemo.debug.xcconfig"; path = "Pods/Target Support Files/Pods-XLPasswordInputViewDemo/Pods-XLPasswordInputViewDemo.debug.xcconfig"; sourceTree = "<group>"; };
		4A430CBD36C8376FBB83437B /* Pods-XLPasswordInputViewDemo.release.xcconfig */ = {isa = PBXFileReference; includeInIndex = 1; lastKnownFileType = text.xcconfig; name = "Pods-XLPasswordInputViewDemo.release.xcconfig"; path = "Pods/Target Support Files/Pods-XLPasswordInputViewDemo/Pods-XLPasswordInputViewDemo.release.xcconfig"; sourceTree = "<group>"; };
		5360D2271D2B763500E44E89 /* XLPasswordInputViewDemo.app */ = {isa = PBXFileReference; explicitFileType = wrapper.application; includeInIndex = 0; path = XLPasswordInputViewDemo.app; sourceTree = BUILT_PRODUCTS_DIR; };
		5360D22B1D2B763500E44E89 /* main.m */ = {isa = PBXFileReference; lastKnownFileType = sourcecode.c.objc; path = main.m; sourceTree = "<group>"; };
		5360D22D1D2B763500E44E89 /* AppDelegate.h */ = {isa = PBXFileReference; lastKnownFileType = sourcecode.c.h; path = AppDelegate.h; sourceTree = "<group>"; };
		5360D22E1D2B763500E44E89 /* AppDelegate.m */ = {isa = PBXFileReference; lastKnownFileType = sourcecode.c.objc; path = AppDelegate.m; sourceTree = "<group>"; };
		5360D2301D2B763500E44E89 /* ViewController.h */ = {isa = PBXFileReference; lastKnownFileType = sourcecode.c.h; path = ViewController.h; sourceTree = "<group>"; };
		5360D2311D2B763500E44E89 /* ViewController.m */ = {isa = PBXFileReference; lastKnownFileType = sourcecode.c.objc; path = ViewController.m; sourceTree = "<group>"; };
		5360D2341D2B763500E44E89 /* Base */ = {isa = PBXFileReference; lastKnownFileType = file.storyboard; name = Base; path = Base.lproj/Main.storyboard; sourceTree = "<group>"; };
		5360D2361D2B763500E44E89 /* Assets.xcassets */ = {isa = PBXFileReference; lastKnownFileType = folder.assetcatalog; path = Assets.xcassets; sourceTree = "<group>"; };
		5360D2391D2B763500E44E89 /* Base */ = {isa = PBXFileReference; lastKnownFileType = file.storyboard; name = Base; path = Base.lproj/LaunchScreen.storyboard; sourceTree = "<group>"; };
		5360D23B1D2B763500E44E89 /* Info.plist */ = {isa = PBXFileReference; lastKnownFileType = text.plist.xml; path = Info.plist; sourceTree = "<group>"; };
		5360D2421D2B765100E44E89 /* UIImage+XLExtension.h */ = {isa = PBXFileReference; fileEncoding = 4; lastKnownFileType = sourcecode.c.h; path = "UIImage+XLExtension.h"; sourceTree = "<group>"; };
		5360D2431D2B765100E44E89 /* UIImage+XLExtension.m */ = {isa = PBXFileReference; fileEncoding = 4; lastKnownFileType = sourcecode.c.objc; path = "UIImage+XLExtension.m"; sourceTree = "<group>"; };
		5360D2441D2B765100E44E89 /* UIView+XLExtension.h */ = {isa = PBXFileReference; fileEncoding = 4; lastKnownFileType = sourcecode.c.h; path = "UIView+XLExtension.h"; sourceTree = "<group>"; };
		5360D2451D2B765100E44E89 /* UIView+XLExtension.m */ = {isa = PBXFileReference; fileEncoding = 4; lastKnownFileType = sourcecode.c.objc; path = "UIView+XLExtension.m"; sourceTree = "<group>"; };
		5360D2461D2B765100E44E89 /* XLPasswordInputView.h */ = {isa = PBXFileReference; fileEncoding = 4; lastKnownFileType = sourcecode.c.h; path = XLPasswordInputView.h; sourceTree = "<group>"; };
		5360D2471D2B765100E44E89 /* XLPasswordInputView.m */ = {isa = PBXFileReference; fileEncoding = 4; lastKnownFileType = sourcecode.c.objc; path = XLPasswordInputView.m; sourceTree = "<group>"; };
		811B95CE91DDAD1918ACAB2F /* libPods-XLPasswordInputViewDemo.a */ = {isa = PBXFileReference; explicitFileType = archive.ar; includeInIndex = 0; path = "libPods-XLPasswordInputViewDemo.a"; sourceTree = BUILT_PRODUCTS_DIR; };
/* End PBXFileReference section */

/* Begin PBXFrameworksBuildPhase section */
		5360D2241D2B763500E44E89 /* Frameworks */ = {
			isa = PBXFrameworksBuildPhase;
			buildActionMask = 2147483647;
			files = (
				7F20185D09B2C21C949751FB /* libPods-XLPasswordInputViewDemo.a in Frameworks */,
			);
			runOnlyForDeploymentPostprocessing = 0;
		};
/* End PBXFrameworksBuildPhase section */

/* Begin PBXGroup section */
		5360D21E1D2B763500E44E89 = {
			isa = PBXGroup;
			children = (
				5360D2291D2B763500E44E89 /* XLPasswordInputViewDemo */,
				5360D2281D2B763500E44E89 /* Products */,
				F3EA78DAF88AF446A8CBCCD4 /* Pods */,
				DE7131784FF73198EE051178 /* Frameworks */,
			);
			sourceTree = "<group>";
		};
		5360D2281D2B763500E44E89 /* Products */ = {
			isa = PBXGroup;
			children = (
				5360D2271D2B763500E44E89 /* XLPasswordInputViewDemo.app */,
			);
			name = Products;
			sourceTree = "<group>";
		};
		5360D2291D2B763500E44E89 /* XLPasswordInputViewDemo */ = {
			isa = PBXGroup;
			children = (
				5360D2411D2B765100E44E89 /* XLPasswordInputView */,
				5360D22D1D2B763500E44E89 /* AppDelegate.h */,
				5360D22E1D2B763500E44E89 /* AppDelegate.m */,
				5360D2301D2B763500E44E89 /* ViewController.h */,
				5360D2311D2B763500E44E89 /* ViewController.m */,
				5360D2331D2B763500E44E89 /* Main.storyboard */,
				5360D2361D2B763500E44E89 /* Assets.xcassets */,
				5360D2381D2B763500E44E89 /* LaunchScreen.storyboard */,
				5360D23B1D2B763500E44E89 /* Info.plist */,
				5360D22A1D2B763500E44E89 /* Supporting Files */,
			);
			path = XLPasswordInputViewDemo;
			sourceTree = "<group>";
		};
		5360D22A1D2B763500E44E89 /* Supporting Files */ = {
			isa = PBXGroup;
			children = (
				5360D22B1D2B763500E44E89 /* main.m */,
			);
			name = "Supporting Files";
			sourceTree = "<group>";
		};
		5360D2411D2B765100E44E89 /* XLPasswordInputView */ = {
			isa = PBXGroup;
			children = (
				5360D2421D2B765100E44E89 /* UIImage+XLExtension.h */,
				5360D2431D2B765100E44E89 /* UIImage+XLExtension.m */,
				5360D2441D2B765100E44E89 /* UIView+XLExtension.h */,
				5360D2451D2B765100E44E89 /* UIView+XLExtension.m */,
				5360D2461D2B765100E44E89 /* XLPasswordInputView.h */,
				5360D2471D2B765100E44E89 /* XLPasswordInputView.m */,
			);
			path = XLPasswordInputView;
			sourceTree = "<group>";
		};
		DE7131784FF73198EE051178 /* Frameworks */ = {
			isa = PBXGroup;
			children = (
				811B95CE91DDAD1918ACAB2F /* libPods-XLPasswordInputViewDemo.a */,
			);
			name = Frameworks;
			sourceTree = "<group>";
		};
		F3EA78DAF88AF446A8CBCCD4 /* Pods */ = {
			isa = PBXGroup;
			children = (
				26B232D5EAB3CF06392BDCCB /* Pods-XLPasswordInputViewDemo.debug.xcconfig */,
				4A430CBD36C8376FBB83437B /* Pods-XLPasswordInputViewDemo.release.xcconfig */,
			);
			name = Pods;
			sourceTree = "<group>";
		};
/* End PBXGroup section */

/* Begin PBXNativeTarget section */
		5360D2261D2B763500E44E89 /* XLPasswordInputViewDemo */ = {
			isa = PBXNativeTarget;
			buildConfigurationList = 5360D23E1D2B763500E44E89 /* Build configuration list for PBXNativeTarget "XLPasswordInputViewDemo" */;
			buildPhases = (
				BFACB18A9BA74533D942E06E /* [CP] Check Pods Manifest.lock */,
				5360D2231D2B763500E44E89 /* Sources */,
				5360D2241D2B763500E44E89 /* Frameworks */,
				5360D2251D2B763500E44E89 /* Resources */,
				31C5638F77E5113F12C92F5A /* [CP] Embed Pods Frameworks */,
				C0C2D590ECBF290E01AF1DE6 /* [CP] Copy Pods Resources */,
			);
			buildRules = (
			);
			dependencies = (
			);
			name = XLPasswordInputViewDemo;
			productName = XLPasswordInputViewDemo;
			productReference = 5360D2271D2B763500E44E89 /* XLPasswordInputViewDemo.app */;
			productType = "com.apple.product-type.application";
		};
/* End PBXNativeTarget section */

/* Begin PBXProject section */
		5360D21F1D2B763500E44E89 /* Project object */ = {
			isa = PBXProject;
			attributes = {
				LastUpgradeCheck = 0720;
				ORGANIZATIONNAME = LiuShannoon;
				TargetAttributes = {
					5360D2261D2B763500E44E89 = {
						CreatedOnToolsVersion = 7.2.1;
					};
				};
			};
			buildConfigurationList = 5360D2221D2B763500E44E89 /* Build configuration list for PBXProject "XLPasswordInputViewDemo" */;
			compatibilityVersion = "Xcode 3.2";
			developmentRegion = English;
			hasScannedForEncodings = 0;
			knownRegions = (
				en,
				Base,
			);
			mainGroup = 5360D21E1D2B763500E44E89;
			productRefGroup = 5360D2281D2B763500E44E89 /* Products */;
			projectDirPath = "";
			projectRoot = "";
			targets = (
				5360D2261D2B763500E44E89 /* XLPasswordInputViewDemo */,
			);
		};
/* End PBXProject section */

/* Begin PBXResourcesBuildPhase section */
		5360D2251D2B763500E44E89 /* Resources */ = {
			isa = PBXResourcesBuildPhase;
			buildActionMask = 2147483647;
			files = (
				5360D23A1D2B763500E44E89 /* LaunchScreen.storyboard in Resources */,
				5360D2371D2B763500E44E89 /* Assets.xcassets in Resources */,
				5360D2351D2B763500E44E89 /* Main.storyboard in Resources */,
			);
			runOnlyForDeploymentPostprocessing = 0;
		};
/* End PBXResourcesBuildPhase section */

/* Begin PBXShellScriptBuildPhase section */
		31C5638F77E5113F12C92F5A /* [CP] Embed Pods Frameworks */ = {
			isa = PBXShellScriptBuildPhase;
			buildActionMask = 2147483647;
			files = (
			);
			inputPaths = (
			);
			name = "[CP] Embed Pods Frameworks";
			outputPaths = (
			);
			runOnlyForDeploymentPostprocessing = 0;
			shellPath = /bin/sh;
			shellScript = "\"${SRCROOT}/Pods/Target Support Files/Pods-XLPasswordInputViewDemo/Pods-XLPasswordInputViewDemo-frameworks.sh\"\n";
			showEnvVarsInLog = 0;
		};
		BFACB18A9BA74533D942E06E /* [CP] Check Pods Manifest.lock */ = {
			isa = PBXShellScriptBuildPhase;
			buildActionMask = 2147483647;
			files = (
			);
			inputPaths = (
			);
			name = "[CP] Check Pods Manifest.lock";
			outputPaths = (
			);
			runOnlyForDeploymentPostprocessing = 0;
			shellPath = /bin/sh;
			shellScript = "diff \"${PODS_PODFILE_DIR_PATH}/Podfile.lock\" \"${PODS_ROOT}/Manifest.lock\" > /dev/null\nif [ $? != 0 ] ; then\n    # print error to STDERR\n    echo \"error: The sandbox is not in sync with the Podfile.lock. Run 'pod install' or update your CocoaPods installation.\" >&2\n    exit 1\nfi\n";
			showEnvVarsInLog = 0;
		};
		C0C2D590ECBF290E01AF1DE6 /* [CP] Copy Pods Resources */ = {
			isa = PBXShellScriptBuildPhase;
			buildActionMask = 2147483647;
			files = (
			);
			inputPaths = (
			);
			name = "[CP] Copy Pods Resources";
			outputPaths = (
			);
			runOnlyForDeploymentPostprocessing = 0;
			shellPath = /bin/sh;
			shellScript = "\"${SRCROOT}/Pods/Target Support Files/Pods-XLPasswordInputViewDemo/Pods-XLPasswordInputViewDemo-resources.sh\"\n";
			showEnvVarsInLog = 0;
		};
/* End PBXShellScriptBuildPhase section */

/* Begin PBXSourcesBuildPhase section */
		5360D2231D2B763500E44E89 /* Sources */ = {
			isa = PBXSourcesBuildPhase;
			buildActionMask = 2147483647;
			files = (
				5360D2491D2B765100E44E89 /* UIView+XLExtension.m in Sources */,
				5360D2321D2B763500E44E89 /* ViewController.m in Sources */,
				5360D24A1D2B765100E44E89 /* XLPasswordInputView.m in Sources */,
				5360D2481D2B765100E44E89 /* UIImage+XLExtension.m in Sources */,
				5360D22F1D2B763500E44E89 /* AppDelegate.m in Sources */,
				5360D22C1D2B763500E44E89 /* main.m in Sources */,
			);
			runOnlyForDeploymentPostprocessing = 0;
		};
/* End PBXSourcesBuildPhase section */

/* Begin PBXVariantGroup section */
		5360D2331D2B763500E44E89 /* Main.storyboard */ = {
			isa = PBXVariantGroup;
			children = (
				5360D2341D2B763500E44E89 /* Base */,
			);
			name = Main.storyboard;
			sourceTree = "<group>";
		};
		5360D2381D2B763500E44E89 /* LaunchScreen.storyboard */ = {
			isa = PBXVariantGroup;
			children = (
				5360D2391D2B763500E44E89 /* Base */,
			);
			name = LaunchScreen.storyboard;
			sourceTree = "<group>";
		};
/* End PBXVariantGroup section */

/* Begin XCBuildConfiguration section */
		5360D23C1D2B763500E44E89 /* Debug */ = {
			isa = XCBuildConfiguration;
			buildSettings = {
				ALWAYS_SEARCH_USER_PATHS = NO;
				CLANG_CXX_LANGUAGE_STANDARD = "gnu++0x";
				CLANG_CXX_LIBRARY = "libc++";
				CLANG_ENABLE_MODULES = YES;
				CLANG_ENABLE_OBJC_ARC = YES;
				CLANG_WARN_BOOL_CONVERSION = YES;
				CLANG_WARN_CONSTANT_CONVERSION = YES;
				CLANG_WARN_DIRECT_OBJC_ISA_USAGE = YES_ERROR;
				CLANG_WARN_EMPTY_BODY = YES;
				CLANG_WARN_ENUM_CONVERSION = YES;
				CLANG_WARN_INT_CONVERSION = YES;
				CLANG_WARN_OBJC_ROOT_CLASS = YES_ERROR;
				CLANG_WARN_UNREACHABLE_CODE = YES;
				CLANG_WARN__DUPLICATE_METHOD_MATCH = YES;
				"CODE_SIGN_IDENTITY[sdk=iphoneos*]" = "iPhone Developer";
				COPY_PHASE_STRIP = NO;
				DEBUG_INFORMATION_FORMAT = dwarf;
				ENABLE_STRICT_OBJC_MSGSEND = YES;
				ENABLE_TESTABILITY = YES;
				GCC_C_LANGUAGE_STANDARD = gnu99;
				GCC_DYNAMIC_NO_PIC = NO;
				GCC_NO_COMMON_BLOCKS = YES;
				GCC_OPTIMIZATION_LEVEL = 0;
				GCC_PREPROCESSOR_DEFINITIONS = (
					"DEBUG=1",
					"$(inherited)",
				);
				GCC_WARN_64_TO_32_BIT_CONVERSION = YES;
				GCC_WARN_ABOUT_RETURN_TYPE = YES_ERROR;
				GCC_WARN_UNDECLARED_SELECTOR = YES;
				GCC_WARN_UNINITIALIZED_AUTOS = YES_AGGRESSIVE;
				GCC_WARN_UNUSED_FUNCTION = YES;
				GCC_WARN_UNUSED_VARIABLE = YES;
				IPHONEOS_DEPLOYMENT_TARGET = 9.2;
				MTL_ENABLE_DEBUG_INFO = YES;
				ONLY_ACTIVE_ARCH = YES;
				SDKROOT = iphoneos;
				TARGETED_DEVICE_FAMILY = "1,2";
			};
			name = Debug;
		};
		5360D23D1D2B763500E44E89 /* Release */ = {
			isa = XCBuildConfiguration;
			buildSettings = {
				ALWAYS_SEARCH_USER_PATHS = NO;
				CLANG_CXX_LANGUAGE_STANDARD = "gnu++0x";
				CLANG_CXX_LIBRARY = "libc++";
				CLANG_ENABLE_MODULES = YES;
				CLANG_ENABLE_OBJC_ARC = YES;
				CLANG_WARN_BOOL_CONVERSION = YES;
				CLANG_WARN_CONSTANT_CONVERSION = YES;
				CLANG_WARN_DIRECT_OBJC_ISA_USAGE = YES_ERROR;
				CLANG_WARN_EMPTY_BODY = YES;
				CLANG_WARN_ENUM_CONVERSION = YES;
				CLANG_WARN_INT_CONVERSION = YES;
				CLANG_WARN_OBJC_ROOT_CLASS = YES_ERROR;
				CLANG_WARN_UNREACHABLE_CODE = YES;
				CLANG_WARN__DUPLICATE_METHOD_MATCH = YES;
				"CODE_SIGN_IDENTITY[sdk=iphoneos*]" = "iPhone Developer";
				COPY_PHASE_STRIP = NO;
				DEBUG_INFORMATION_FORMAT = "dwarf-with-dsym";
				ENABLE_NS_ASSERTIONS = NO;
				ENABLE_STRICT_OBJC_MSGSEND = YES;
				GCC_C_LANGUAGE_STANDARD = gnu99;
				GCC_NO_COMMON_BLOCKS = YES;
				GCC_WARN_64_TO_32_BIT_CONVERSION = YES;
				GCC_WARN_ABOUT_RETURN_TYPE = YES_ERROR;
				GCC_WARN_UNDECLARED_SELECTOR = YES;
				GCC_WARN_UNINITIALIZED_AUTOS = YES_AGGRESSIVE;
				GCC_WARN_UNUSED_FUNCTION = YES;
				GCC_WARN_UNUSED_VARIABLE = YES;
				IPHONEOS_DEPLOYMENT_TARGET = 9.2;
				MTL_ENABLE_DEBUG_INFO = NO;
				SDKROOT = iphoneos;
				TARGETED_DEVICE_FAMILY = "1,2";
				VALIDATE_PRODUCT = YES;
			};
			name = Release;
		};
		5360D23F1D2B763500E44E89 /* Debug */ = {
			isa = XCBuildConfiguration;
			baseConfigurationReference = 26B232D5EAB3CF06392BDCCB /* Pods-XLPasswordInputViewDemo.debug.xcconfig */;
			buildSettings = {
				ASSETCATALOG_COMPILER_APPICON_NAME = AppIcon;
				CODE_SIGN_IDENTITY = "iPhone Developer";
				INFOPLIST_FILE = XLPasswordInputViewDemo/Info.plist;
				IPHONEOS_DEPLOYMENT_TARGET = 7.0;
				LD_RUNPATH_SEARCH_PATHS = "$(inherited) @executable_path/Frameworks";
				PRODUCT_BUNDLE_IDENTIFIER = com.tohoapp.XLPasswordInputViewDemo;
				PRODUCT_NAME = "$(TARGET_NAME)";
			};
			name = Debug;
		};
		5360D2401D2B763500E44E89 /* Release */ = {
			isa = XCBuildConfiguration;
			baseConfigurationReference = 4A430CBD36C8376FBB83437B /* Pods-XLPasswordInputViewDemo.release.xcconfig */;
			buildSettings = {
				ASSETCATALOG_COMPILER_APPICON_NAME = AppIcon;
				CODE_SIGN_IDENTITY = "iPhone Developer";
				INFOPLIST_FILE = XLPasswordInputViewDemo/Info.plist;
				IPHONEOS_DEPLOYMENT_TARGET = 7.0;
				LD_RUNPATH_SEARCH_PATHS = "$(inherited) @executable_path/Frameworks";
				PRODUCT_BUNDLE_IDENTIFIER = com.tohoapp.XLPasswordInputViewDemo;
				PRODUCT_NAME = "$(TARGET_NAME)";
			};
			name = Release;
		};
/* End XCBuildConfiguration section */

/* Begin XCConfigurationList section */
		5360D2221D2B763500E44E89 /* Build configuration list for PBXProject "XLPasswordInputViewDemo" */ = {
			isa = XCConfigurationList;
			buildConfigurations = (
				5360D23C1D2B763500E44E89 /* Debug */,
				5360D23D1D2B763500E44E89 /* Release */,
			);
			defaultConfigurationIsVisible = 0;
			defaultConfigurationName = Release;
		};
		5360D23E1D2B763500E44E89 /* Build configuration list for PBXNativeTarget "XLPasswordInputViewDemo" */ = {
			isa = XCConfigurationList;
			buildConfigurations = (
				5360D23F1D2B763500E44E89 /* Debug */,
				5360D2401D2B763500E44E89 /* Release */,
			);
			defaultConfigurationIsVisible = 0;
			defaultConfigurationName = Release;
		};
/* End XCConfigurationList section */
	};
	rootObject = 5360D21F1D2B763500E44E89 /* Project object */;
}
